{
    "_readme": [
        "This file locks the dependencies of your project to a known state",
        "Read more about it at https://getcomposer.org/doc/01-basic-usage.md#installing-dependencies",
        "This file is @generated automatically"
    ],
    "content-hash": "eb9a3f3e2075ce13356d248595df1ab4",
    "packages": [
        {
            "name": "pkit/phutilities",
            "version": "dev-development",
            "source": {
                "type": "git",
                "url": "https://github.com/pkit-php/phutilities.git",
                "reference": "154fa446c996133478644862615763dbff67b0d0"
            },
            "dist": {
                "type": "zip",
                "url": "https://api.github.com/repos/pkit-php/phutilities/zipball/154fa446c996133478644862615763dbff67b0d0",
                "reference": "154fa446c996133478644862615763dbff67b0d0",
                "shasum": ""
            },
            "require": {
                "php": ">=8.1"
            },
            "suggest": {
                "php-xml": "Necessário para a conversão para array e vice-versa"
            },
            "type": "library",
            "autoload": {
                "psr-4": {
                    "Phutilities\\": "src"
                }
            },
            "notification-url": "https://packagist.org/downloads/",
            "license": [
                "MIT"
            ],
            "authors": [
                {
                    "name": "Kauan Augusto",
                    "email": "kauaug.mo@gmail.com"
                }
            ],
            "description": "Generics utilities",
            "keywords": [
                "utilities"
            ],
            "support": {
                "issues": "https://github.com/pkit-php/phutilities/issues",
                "source": "https://github.com/pkit-php/phutilities/tree/development"
            },
            "time": "2022-10-31T18:10:42+00:00"
        }
    ],
    "packages-dev": [],
    "aliases": [],
    "minimum-stability": "stable",
    "stability-flags": {
        "pkit/phutilities": 20
    },
    "prefer-stable": false,
    "prefer-lowest": false,
    "platform": {
        "php": ">=8.1"
    },
    "platform-dev": [],
    "plugin-api-version": "2.3.0"
}
