{
    "_readme": [
        "This file locks the dependencies of your project to a known state",
        "Read more about it at https://getcomposer.org/doc/01-basic-usage.md#installing-dependencies",
        "This file is @generated automatically"
    ],
    "content-hash": "86d2f8ac48ed923ecacea941b5bba396",
    "packages": [
        {
            "name": "pkit/phutilities",
            "version": "dev-develop",
            "source": {
                "type": "git",
                "url": "https://github.com/pkit-php/phutilities.git",
                "reference": "80523f513fd6b4ba17a530cb32d6a64d29b5dd96"
            },
            "dist": {
                "type": "zip",
                "url": "https://api.github.com/repos/pkit-php/phutilities/zipball/80523f513fd6b4ba17a530cb32d6a64d29b5dd96",
                "reference": "80523f513fd6b4ba17a530cb32d6a64d29b5dd96",
                "shasum": ""
            },
            "require": {
                "php": ">=8.1"
            },
            "require-dev": {
                "pestphp/pest": "^1.22"
            },
            "suggest": {
                "php-xml": "Necessário para a conversão para array e vice-versa"
            },
            "type": "library",
            "autoload": {
                "psr-4": {
                    "Phutilities\\": "src"
                }
            },
            "notification-url": "https://packagist.org/downloads/",
            "license": [
                "MIT"
            ],
            "authors": [
                {
                    "name": "Kauan Augusto",
                    "email": "kauaug.mo@gmail.com"
                }
            ],
            "description": "Generics utilities",
            "keywords": [
                "utilities"
            ],
            "support": {
                "issues": "https://github.com/pkit-php/phutilities/issues",
                "source": "https://github.com/pkit-php/phutilities/tree/develop"
            },
            "time": "2023-03-07T15:52:25+00:00"
        }
    ],
    "packages-dev": [],
    "aliases": [],
    "minimum-stability": "stable",
    "stability-flags": {
        "pkit/phutilities": 20
    },
    "prefer-stable": false,
    "prefer-lowest": false,
    "platform": {
        "php": ">=8.1"
    },
    "platform-dev": [],
    "plugin-api-version": "2.3.0"
}
